
Microsoft Visual Studio Solution File, Format Version 12.00
# Visual Studio Version 17
VisualStudioVersion = 17.4.33403.182
MinimumVisualStudioVersion = 10.0.40219.1
Project("{FAE04EC0-301F-11D3-BF4B-00C04F79EFBC}") = "SignAndLogin", "SignAndLogin\SignAndLogin.csproj", "{AAA0CE1E-05A0-4781-B5F7-A78DB993F19B}"
EndProject
Global
	GlobalSection(SolutionConfigurationPlatforms) = preSolution
		Debug|Any CPU = Debug|Any CPU
		Release|Any CPU = Release|Any CPU
	EndGlobalSection
	GlobalSection(ProjectConfigurationPlatforms) = postSolution
		{AAA0CE1E-05A0-4781-B5F7-A78DB993F19B}.Debug|Any CPU.ActiveCfg = Debug|Any CPU
		{AAA0CE1E-05A0-4781-B5F7-A78DB993F19B}.Debug|Any CPU.Build.0 = Debug|Any CPU
		{AAA0CE1E-05A0-4781-B5F7-A78DB993F19B}.Release|Any CPU.ActiveCfg = Release|Any CPU
		{AAA0CE1E-05A0-4781-B5F7-A78DB993F19B}.Release|Any CPU.Build.0 = Release|Any CPU
	EndGlobalSection
	GlobalSection(SolutionProperties) = preSolution
		HideSolutionNode = FALSE
	EndGlobalSection
	GlobalSection(ExtensibilityGlobals) = postSolution
		SolutionGuid = {B987C491-A1A9-4BA1-9124-0C7AB9D6DEF5}
	EndGlobalSection
EndGlobal
